# This file is automatically @generated by Cargo.
# It is not intended for manual editing.
version = 3

[[package]]
name = "day_19_a"
version = "0.1.0"
dependencies = [
 "glam",
]

[[package]]
name = "glam"
version = "0.20.2"
source = "registry+https://github.com/rust-lang/crates.io-index"
checksum = "e4fa84eead97d5412b2a20aed4d66612a97a9e41e08eababdb9ae2bf88667490"
